
Microsoft Visual Studio Solution File, Format Version 12.00
# Visual Studio Version 16
VisualStudioVersion = 16.0.31321.278
MinimumVisualStudioVersion = 10.0.40219.1
Project("{FAE04EC0-301F-11D3-BF4B-00C04F79EFBC}") = "ConsoleApp2", "ConsoleApp2\ConsoleApp2.csproj", "{B4969D31-945D-4A66-B37B-1C3C70718FB7}"
EndProject
Global
	GlobalSection(SolutionConfigurationPlatforms) = preSolution
		Debug|Any CPU = Debug|Any CPU
		Release|Any CPU = Release|Any CPU
	EndGlobalSection
	GlobalSection(ProjectConfigurationPlatforms) = postSolution
		{B4969D31-945D-4A66-B37B-1C3C70718FB7}.Debug|Any CPU.ActiveCfg = Debug|Any CPU
		{B4969D31-945D-4A66-B37B-1C3C70718FB7}.Debug|Any CPU.Build.0 = Debug|Any CPU
		{B4969D31-945D-4A66-B37B-1C3C70718FB7}.Release|Any CPU.ActiveCfg = Release|Any CPU
		{B4969D31-945D-4A66-B37B-1C3C70718FB7}.Release|Any CPU.Build.0 = Release|Any CPU
	EndGlobalSection
	GlobalSection(SolutionProperties) = preSolution
		HideSolutionNode = FALSE
	EndGlobalSection
	GlobalSection(ExtensibilityGlobals) = postSolution
		SolutionGuid = {67CFDA12-5FF8-4E01-A01F-56A2961DDFBC}
	EndGlobalSection
EndGlobal
